# THIS IS AN AUTOGENERATED FILE. DO NOT EDIT THIS FILE DIRECTLY.
# yarn lockfile v1


"fira@https://github.com/jjt/Fira":
  version "0.0.0"
  resolved "https://github.com/jjt/Fira#2d4dc1d83153f3bab55ec6deae7d10eaaf15214e"

font-awesome@4.1.0:
  version "4.1.0"
  resolved "https://registry.yarnpkg.com/font-awesome/-/font-awesome-4.1.0.tgz#20056d96029c86b8e889c0b2526f2ae2656e24db"
  integrity sha1-IAVtlgKchrjoicCyUm8q4mVuJNs=

medium-editor@^5.23.3:
  version "5.23.3"
  resolved "https://registry.yarnpkg.com/medium-editor/-/medium-editor-5.23.3.tgz#6fb638759ae2fc76c423feb056f346d9c518d3b7"
  integrity sha512-he9/TdjX8f8MGdXGfCs8AllrYnqXJJvjNkDKmPg3aPW/uoIrlRqtkFthrwvmd+u4QyzEiadhCCM0EwTiRdUCJw==
